
Microsoft Visual Studio Solution File, Format Version 12.00
# Visual Studio Version 16
VisualStudioVersion = 16.0.31424.327
MinimumVisualStudioVersion = 10.0.40219.1
Project("{9A19103F-16F7-4668-BE54-9A1E7A4F7556}") = "FriendsBeep.Entities", "FriendsBeep.Entities\FriendsBeep.Entities.csproj", "{30ED72DC-4BC0-4123-8410-21CC979D2CB7}"
EndProject
Project("{9A19103F-16F7-4668-BE54-9A1E7A4F7556}") = "FriendsBeep.Data", "FriendsBeep.Data\FriendsBeep.Data.csproj", "{8959F78F-7911-430E-BD75-BF108E598EBD}"
EndProject
Project("{9A19103F-16F7-4668-BE54-9A1E7A4F7556}") = "FriendsBeep.Business", "FriendsBeep.Business\FriendsBeep.Business.csproj", "{C4104981-6AFF-42F5-AC70-840C8C82C53D}"
EndProject
Project("{9A19103F-16F7-4668-BE54-9A1E7A4F7556}") = "FriendsBeep.Repository", "FriendsBeep.Repository\FriendsBeep.Repository.csproj", "{56BA29E2-38DF-4696-BEDE-B825105E11E1}"
EndProject
Project("{FAE04EC0-301F-11D3-BF4B-00C04F79EFBC}") = "FriendsBeep.Api", "FriendsBeep.Api\FriendsBeep.Api.csproj", "{AA3C5939-284D-46BF-A575-B07C14F7FCBE}"
EndProject
Global
	GlobalSection(SolutionConfigurationPlatforms) = preSolution
		Debug|Any CPU = Debug|Any CPU
		Release|Any CPU = Release|Any CPU
	EndGlobalSection
	GlobalSection(ProjectConfigurationPlatforms) = postSolution
		{30ED72DC-4BC0-4123-8410-21CC979D2CB7}.Debug|Any CPU.ActiveCfg = Debug|Any CPU
		{30ED72DC-4BC0-4123-8410-21CC979D2CB7}.Debug|Any CPU.Build.0 = Debug|Any CPU
		{30ED72DC-4BC0-4123-8410-21CC979D2CB7}.Release|Any CPU.ActiveCfg = Release|Any CPU
		{30ED72DC-4BC0-4123-8410-21CC979D2CB7}.Release|Any CPU.Build.0 = Release|Any CPU
		{8959F78F-7911-430E-BD75-BF108E598EBD}.Debug|Any CPU.ActiveCfg = Debug|Any CPU
		{8959F78F-7911-430E-BD75-BF108E598EBD}.Debug|Any CPU.Build.0 = Debug|Any CPU
		{8959F78F-7911-430E-BD75-BF108E598EBD}.Release|Any CPU.ActiveCfg = Release|Any CPU
		{8959F78F-7911-430E-BD75-BF108E598EBD}.Release|Any CPU.Build.0 = Release|Any CPU
		{C4104981-6AFF-42F5-AC70-840C8C82C53D}.Debug|Any CPU.ActiveCfg = Debug|Any CPU
		{C4104981-6AFF-42F5-AC70-840C8C82C53D}.Debug|Any CPU.Build.0 = Debug|Any CPU
		{C4104981-6AFF-42F5-AC70-840C8C82C53D}.Release|Any CPU.ActiveCfg = Release|Any CPU
		{C4104981-6AFF-42F5-AC70-840C8C82C53D}.Release|Any CPU.Build.0 = Release|Any CPU
		{56BA29E2-38DF-4696-BEDE-B825105E11E1}.Debug|Any CPU.ActiveCfg = Debug|Any CPU
		{56BA29E2-38DF-4696-BEDE-B825105E11E1}.Debug|Any CPU.Build.0 = Debug|Any CPU
		{56BA29E2-38DF-4696-BEDE-B825105E11E1}.Release|Any CPU.ActiveCfg = Release|Any CPU
		{56BA29E2-38DF-4696-BEDE-B825105E11E1}.Release|Any CPU.Build.0 = Release|Any CPU
		{AA3C5939-284D-46BF-A575-B07C14F7FCBE}.Debug|Any CPU.ActiveCfg = Debug|Any CPU
		{AA3C5939-284D-46BF-A575-B07C14F7FCBE}.Debug|Any CPU.Build.0 = Debug|Any CPU
		{AA3C5939-284D-46BF-A575-B07C14F7FCBE}.Release|Any CPU.ActiveCfg = Release|Any CPU
		{AA3C5939-284D-46BF-A575-B07C14F7FCBE}.Release|Any CPU.Build.0 = Release|Any CPU
	EndGlobalSection
	GlobalSection(SolutionProperties) = preSolution
		HideSolutionNode = FALSE
	EndGlobalSection
	GlobalSection(ExtensibilityGlobals) = postSolution
		SolutionGuid = {B693E9A6-7C98-46C3-AF33-872BC13F2398}
	EndGlobalSection
EndGlobal
